{
  "name": "warden_anvil",
  "version": "1.0.0",
  "lockfileVersion": 1,
  "requires": true,
  "dependencies": {
    "@types/chai": {
      "version": "4.1.4",
      "resolved": "http://localhost:4873/@types%2fchai/-/chai-4.1.4.tgz",
      "integrity": "sha512-h6+VEw2Vr3ORiFCyyJmcho2zALnUq9cvdB/IO8Xs9itrJVCenC7o26A6+m7D0ihTTr65eS259H5/Ghl/VjYs6g=="
    },
    "@types/mocha": {
      "version": "5.2.5",
      "resolved": "http://localhost:4873/@types%2fmocha/-/mocha-5.2.5.tgz",
      "integrity": "sha512-lAVp+Kj54ui/vLUFxsJTMtWvZraZxum3w3Nwkble2dNuV5VnPA+Mi2oGX9XYJAaIvZi3tn3cbjS/qcJXRb6Bww=="
    },
    "@types/node": {
      "version": "10.5.2",
      "resolved": "https://registry.npmjs.org/@types/node/-/node-10.5.2.tgz",
      "integrity": "sha512-m9zXmifkZsMHZBOyxZWilMwmTlpC8x5Ty360JKTiXvlXZfBWYpsg9ZZvP/Ye+iZUh+Q+MxDLjItVTWIsfwz+8Q=="
    },
    "ajv": {
      "version": "5.5.2",
      "resolved": "http://localhost:4873/ajv/-/ajv-5.5.2.tgz",
      "integrity": "sha1-c7Xuyj+rZT49P5Qis0GtQiBdyWU=",
      "requires": {
        "co": "^4.6.0",
        "fast-deep-equal": "^1.0.0",
        "fast-json-stable-stringify": "^2.0.0",
        "json-schema-traverse": "^0.3.0"
      }
    },
    "argparse": {
      "version": "1.0.10",
      "resolved": "http://localhost:4873/argparse/-/argparse-1.0.10.tgz",
      "integrity": "sha512-o5Roy6tNG4SL/FOkCAN6RzjiakZS25RLYFrcMttJqbdd8BWrnA+fGz57iN5Pb06pvBGvl5gQ0B48dJlslXvoTg==",
      "requires": {
        "sprintf-js": "~1.0.2"
      }
    },
    "asn1": {
      "version": "0.2.3",
      "resolved": "http://localhost:4873/asn1/-/asn1-0.2.3.tgz",
      "integrity": "sha1-2sh4dxPJlmhJ/IGAd36+nB3fO4Y="
    },
    "assert-plus": {
      "version": "1.0.0",
      "resolved": "http://localhost:4873/assert-plus/-/assert-plus-1.0.0.tgz",
      "integrity": "sha1-8S4PPF13sLHN2RRpQuTpbB5N1SU="
    },
    "async-limiter": {
      "version": "1.0.0",
      "resolved": "https://registry.npmjs.org/async-limiter/-/async-limiter-1.0.0.tgz",
      "integrity": "sha512-jp/uFnooOiO+L211eZOoSyzpOITMXx1rBITauYykG3BRYPu8h0UcxsPNB04RR5vo4Tyz3+ay17tR6JVf9qzYWg=="
    },
    "asynckit": {
      "version": "0.4.0",
      "resolved": "http://localhost:4873/asynckit/-/asynckit-0.4.0.tgz",
      "integrity": "sha1-x57Zf380y48robyXkLzDZkdLS3k="
    },
    "aws-sign2": {
      "version": "0.7.0",
      "resolved": "http://localhost:4873/aws-sign2/-/aws-sign2-0.7.0.tgz",
      "integrity": "sha1-tG6JCTSpWR8tL2+G1+ap8bP+dqg="
    },
    "aws4": {
      "version": "1.7.0",
      "resolved": "http://localhost:4873/aws4/-/aws4-1.7.0.tgz",
      "integrity": "sha512-32NDda82rhwD9/JBCCkB+MRYDp0oSvlo2IL6rQWA10PQi7tDUM3eqMSltXmY+Oyl/7N3P3qNtAlv7X0d9bI28w=="
    },
    "babel-polyfill": {
      "version": "6.26.0",
      "resolved": "http://localhost:4873/babel-polyfill/-/babel-polyfill-6.26.0.tgz",
      "integrity": "sha1-N5k3q8Z9eJWXCtxiHyhM2WbPIVM=",
      "requires": {
        "babel-runtime": "^6.26.0",
        "core-js": "^2.5.0",
        "regenerator-runtime": "^0.10.5"
      }
    },
    "babel-runtime": {
      "version": "6.26.0",
      "resolved": "http://localhost:4873/babel-runtime/-/babel-runtime-6.26.0.tgz",
      "integrity": "sha1-llxwWGaOgrVde/4E/yM3vItWR/4=",
      "requires": {
        "core-js": "^2.4.0",
        "regenerator-runtime": "^0.11.0"
      },
      "dependencies": {
        "regenerator-runtime": {
          "version": "0.11.1",
          "resolved": "http://localhost:4873/regenerator-runtime/-/regenerator-runtime-0.11.1.tgz",
          "integrity": "sha512-MguG95oij0fC3QV3URf4V2SDYGJhJnJGqvIIgdECeODCT98wSWDAJ94SSuVpYQUoTcGUIL6L4yNB7j1DFFHSBg=="
        }
      }
    },
    "balanced-match": {
      "version": "1.0.0",
      "resolved": "http://localhost:4873/balanced-match/-/balanced-match-1.0.0.tgz",
      "integrity": "sha1-ibTRmasr7kneFk6gK4nORi1xt2c="
    },
    "bcrypt-pbkdf": {
      "version": "1.0.2",
      "resolved": "http://localhost:4873/bcrypt-pbkdf/-/bcrypt-pbkdf-1.0.2.tgz",
      "integrity": "sha1-pDAdOJtqQ/m2f/PKEaP2Y342Dp4=",
      "optional": true,
      "requires": {
        "tweetnacl": "^0.14.3"
      },
      "dependencies": {
        "tweetnacl": {
          "version": "0.14.5",
          "resolved": "http://localhost:4873/tweetnacl/-/tweetnacl-0.14.5.tgz",
          "integrity": "sha1-WuaBd/GS1EViadEIr6k/+HQ/T2Q=",
          "optional": true
        }
      }
    },
    "bignumber.js": {
      "version": "4.1.0",
      "resolved": "http://localhost:4873/bignumber.js/-/bignumber.js-4.1.0.tgz",
      "integrity": "sha512-eJzYkFYy9L4JzXsbymsFn3p54D+llV27oTQ+ziJG7WFRheJcNZilgVXMG0LoZtlQSKBsJdWtLFqOD0u+U0jZKA=="
    },
    "brace-expansion": {
      "version": "1.1.11",
      "resolved": "http://localhost:4873/brace-expansion/-/brace-expansion-1.1.11.tgz",
      "integrity": "sha512-iCuPHDFgrHX7H2vEI/5xpz07zSHB00TpugqhmYtVmMO6518mCuRMoOYFldEBl0g187ufozdaHgWKcYFb61qGiA==",
      "requires": {
        "balanced-match": "^1.0.0",
        "concat-map": "0.0.1"
      }
    },
    "bson": {
      "version": "1.0.9",
      "resolved": "http://localhost:4873/bson/-/bson-1.0.9.tgz",
      "integrity": "sha512-IQX9/h7WdMBIW/q/++tGd+emQr0XMdeZ6icnT/74Xk9fnabWn+gZgpE+9V+gujL3hhJOoNrnDVY7tWdzc7NUTg=="
    },
    "caseless": {
      "version": "0.12.0",
      "resolved": "http://localhost:4873/caseless/-/caseless-0.12.0.tgz",
      "integrity": "sha1-G2gcIf+EAzyCZUMJBolCDRhxUdw="
    },
    "co": {
      "version": "4.6.0",
      "resolved": "http://localhost:4873/co/-/co-4.6.0.tgz",
      "integrity": "sha1-bqa989hTrlTMuOR7+gvz+QMfsYQ="
    },
    "colors": {
      "version": "1.3.1",
      "resolved": "http://localhost:4873/colors/-/colors-1.3.1.tgz",
      "integrity": "sha512-jg/vxRmv430jixZrC+La5kMbUWqIg32/JsYNZb94+JEmzceYbWKTsv1OuTp+7EaqiaWRR2tPcykibwCRgclIsw=="
    },
    "combined-stream": {
      "version": "1.0.6",
      "resolved": "http://localhost:4873/combined-stream/-/combined-stream-1.0.6.tgz",
      "integrity": "sha1-cj599ugBrFYTETp+RFqbactjKBg=",
      "requires": {
        "delayed-stream": "~1.0.0"
      }
    },
    "concat-map": {
      "version": "0.0.1",
      "resolved": "http://localhost:4873/concat-map/-/concat-map-0.0.1.tgz",
      "integrity": "sha1-2Klr13/Wjfd5OnMDajug1UBdR3s="
    },
    "core-js": {
      "version": "2.5.7",
      "resolved": "http://localhost:4873/core-js/-/core-js-2.5.7.tgz",
      "integrity": "sha512-RszJCAxg/PP6uzXVXL6BsxSXx/B05oJAQ2vkJRjyjrEcNVycaqOmNb5OTxZPE3xa5gwZduqza6L9JOCenh/Ecw=="
    },
    "core-util-is": {
      "version": "1.0.2",
      "resolved": "http://localhost:4873/core-util-is/-/core-util-is-1.0.2.tgz",
      "integrity": "sha1-tf1UIgqivFq1eqtxQMlAdUUDwac="
    },
    "dashdash": {
      "version": "1.14.1",
      "resolved": "http://localhost:4873/dashdash/-/dashdash-1.14.1.tgz",
      "integrity": "sha1-hTz6D3y+L+1d4gMmuN1YEDX24vA=",
      "requires": {
        "assert-plus": "^1.0.0"
      }
    },
    "dblapi.js": {
      "version": "2.2.0",
      "resolved": "http://localhost:4873/dblapi.js/-/dblapi.js-2.2.0.tgz",
      "integrity": "sha512-x+wMDm6dUlRfXenyDQX8gK/efZgbXCxSvFCcWyNuwYWOvFbG+bxXxGIPU+lOa3CRQBXzPolNx0SCgKP+fodxtA=="
    },
    "delayed-stream": {
      "version": "1.0.0",
      "resolved": "http://localhost:4873/delayed-stream/-/delayed-stream-1.0.0.tgz",
      "integrity": "sha1-3zrhmayt+31ECqrgsp4icrJOxhk="
    },
    "discord-anvil": {
      "version": "2.1.7",
      "resolved": "http://localhost:4873/discord-anvil/-/discord-anvil-2.1.7.tgz",
      "integrity": "sha512-Mm+eV7C880l4WuKsL/LjWUEOZp+kEnm0bg5fCWb4bDyo4/eVaL54AmmxyW6LZezIVRLMp+JwGf2esIQ9PCNq+w==",
      "requires": {
        "@types/chai": "^4.1.4",
        "@types/mocha": "^5.2.5",
        "@types/node": "^10.5.2",
        "argparse": "^1.0.10",
        "babel-polyfill": "^6.26.0",
        "colors": "^1.3.1",
        "dblapi.js": "^2.0.0",
        "discord.js": "^11.3.2",
        "hoek": "^4.2.1",
        "javascript-time-ago": "^1.0.30",
        "lodash": "^4.17.5",
        "minimist": "^1.2.0",
        "mongodb": "^3.1.1",
        "mysql": "^2.15.0",
        "querystring": "^0.2.0",
        "request": "^2.83.0",
        "require-main-filename": "^1.0.1",
        "rimraf": "^2.6.2"
      }
    },
    "discord.js": {
      "version": "11.3.2",
      "resolved": "https://registry.npmjs.org/discord.js/-/discord.js-11.3.2.tgz",
      "integrity": "sha512-Abw9CTMX3Jb47IeRffqx2VNSnXl/OsTdQzhvbw/JnqCyqc2imAocc7pX2HoRmgKd8CgSqsjBFBneusz/E16e6A==",
      "requires": {
        "long": "^4.0.0",
        "prism-media": "^0.0.2",
        "snekfetch": "^3.6.4",
        "tweetnacl": "^1.0.0",
        "ws": "^4.0.0"
      }
    },
    "ecc-jsbn": {
      "version": "0.1.1",
      "resolved": "http://localhost:4873/ecc-jsbn/-/ecc-jsbn-0.1.1.tgz",
      "integrity": "sha1-D8c6ntXw1Tw4GTOYUj735UN3dQU=",
      "optional": true,
      "requires": {
        "jsbn": "~0.1.0"
      }
    },
    "extend": {
      "version": "3.0.2",
      "resolved": "http://localhost:4873/extend/-/extend-3.0.2.tgz",
      "integrity": "sha512-fjquC59cD7CyW6urNXK0FBufkZcoiGG80wTuPujX590cB5Ttln20E2UB4S/WARVqhXffZl2LNgS+gQdPIIim/g=="
    },
    "extsprintf": {
      "version": "1.3.0",
      "resolved": "http://localhost:4873/extsprintf/-/extsprintf-1.3.0.tgz",
      "integrity": "sha1-lpGEQOMEGnpBT4xS48V06zw+HgU="
    },
    "fast-deep-equal": {
      "version": "1.1.0",
      "resolved": "http://localhost:4873/fast-deep-equal/-/fast-deep-equal-1.1.0.tgz",
      "integrity": "sha1-wFNHeBfIa1HaqFPIHgWbcz0CNhQ="
    },
    "fast-json-stable-stringify": {
      "version": "2.0.0",
      "resolved": "http://localhost:4873/fast-json-stable-stringify/-/fast-json-stable-stringify-2.0.0.tgz",
      "integrity": "sha1-1RQsDK7msRifh9OnYREGT4bIu/I="
    },
    "forever-agent": {
      "version": "0.6.1",
      "resolved": "http://localhost:4873/forever-agent/-/forever-agent-0.6.1.tgz",
      "integrity": "sha1-+8cfDEGt6zf5bFd60e1C2P2sypE="
    },
    "form-data": {
      "version": "2.3.2",
      "resolved": "http://localhost:4873/form-data/-/form-data-2.3.2.tgz",
      "integrity": "sha1-SXBJi+YEwgwAXU9cI67NIda0kJk=",
      "requires": {
        "asynckit": "^0.4.0",
        "combined-stream": "1.0.6",
        "mime-types": "^2.1.12"
      }
    },
    "fs.realpath": {
      "version": "1.0.0",
      "resolved": "http://localhost:4873/fs.realpath/-/fs.realpath-1.0.0.tgz",
      "integrity": "sha1-FQStJSMVjKpA20onh8sBQRmU6k8="
    },
    "getpass": {
      "version": "0.1.7",
      "resolved": "http://localhost:4873/getpass/-/getpass-0.1.7.tgz",
      "integrity": "sha1-Xv+OPmhNVprkyysSgmBOi6YhSfo=",
      "requires": {
        "assert-plus": "^1.0.0"
      }
    },
    "glob": {
      "version": "7.1.2",
      "resolved": "http://localhost:4873/glob/-/glob-7.1.2.tgz",
      "integrity": "sha512-MJTUg1kjuLeQCJ+ccE4Vpa6kKVXkPYJ2mOCQyUuKLcLQsdrMCpBPUi8qVE6+YuaJkozeA9NusTAw3hLr8Xe5EQ==",
      "requires": {
        "fs.realpath": "^1.0.0",
        "inflight": "^1.0.4",
        "inherits": "2",
        "minimatch": "^3.0.4",
        "once": "^1.3.0",
        "path-is-absolute": "^1.0.0"
      }
    },
    "har-schema": {
      "version": "2.0.0",
      "resolved": "http://localhost:4873/har-schema/-/har-schema-2.0.0.tgz",
      "integrity": "sha1-qUwiJOvKwEeCoNkDVSHyRzW37JI="
    },
    "har-validator": {
      "version": "5.0.3",
      "resolved": "http://localhost:4873/har-validator/-/har-validator-5.0.3.tgz",
      "integrity": "sha1-ukAsJmGU8VlW7xXg/PJCmT9qff0=",
      "requires": {
        "ajv": "^5.1.0",
        "har-schema": "^2.0.0"
      }
    },
    "hoek": {
      "version": "4.2.1",
      "resolved": "http://localhost:4873/hoek/-/hoek-4.2.1.tgz",
      "integrity": "sha512-QLg82fGkfnJ/4iy1xZ81/9SIJiq1NGFUMGs6ParyjBZr6jW2Ufj/snDqTHixNlHdPNwN2RLVD0Pi3igeK9+JfA=="
    },
    "http-signature": {
      "version": "1.2.0",
      "resolved": "http://localhost:4873/http-signature/-/http-signature-1.2.0.tgz",
      "integrity": "sha1-muzZJRFHcvPZW2WmCruPfBj7rOE=",
      "requires": {
        "assert-plus": "^1.0.0",
        "jsprim": "^1.2.2",
        "sshpk": "^1.7.0"
      }
    },
    "inflight": {
      "version": "1.0.6",
      "resolved": "http://localhost:4873/inflight/-/inflight-1.0.6.tgz",
      "integrity": "sha1-Sb1jMdfQLQwJvJEKEHW6gWW1bfk=",
      "requires": {
        "once": "^1.3.0",
        "wrappy": "1"
      }
    },
    "inherits": {
      "version": "2.0.3",
      "resolved": "http://localhost:4873/inherits/-/inherits-2.0.3.tgz",
      "integrity": "sha1-Yzwsg+PaQqUC9SRmAiSA9CCCYd4="
    },
    "is-typedarray": {
      "version": "1.0.0",
      "resolved": "http://localhost:4873/is-typedarray/-/is-typedarray-1.0.0.tgz",
      "integrity": "sha1-5HnICFjfDBsR3dppQPlgEfzaSpo="
    },
    "isarray": {
      "version": "1.0.0",
      "resolved": "http://localhost:4873/isarray/-/isarray-1.0.0.tgz",
      "integrity": "sha1-u5NdSFgsuhaMBoNJV6VKPgcSTxE="
    },
    "isstream": {
      "version": "0.1.2",
      "resolved": "http://localhost:4873/isstream/-/isstream-0.1.2.tgz",
      "integrity": "sha1-R+Y/evVa+m+S4VAOaQ64uFKcCZo="
    },
    "javascript-time-ago": {
      "version": "1.0.31",
      "resolved": "http://localhost:4873/javascript-time-ago/-/javascript-time-ago-1.0.31.tgz",
      "integrity": "sha512-sgvSiGVSqWvK82IKcpgXXTCLHHBFkeptlLLj5vLTlXtuD5B2cqELPM9dN/88pmh3VJYi5otzisVcoiCSJnnorw=="
    },
    "jsbn": {
      "version": "0.1.1",
      "resolved": "http://localhost:4873/jsbn/-/jsbn-0.1.1.tgz",
      "integrity": "sha1-peZUwuWi3rXyAdls77yoDA7y9RM=",
      "optional": true
    },
    "json-schema": {
      "version": "0.2.3",
      "resolved": "http://localhost:4873/json-schema/-/json-schema-0.2.3.tgz",
      "integrity": "sha1-tIDIkuWaLwWVTOcnvT8qTogvnhM="
    },
    "json-schema-traverse": {
      "version": "0.3.1",
      "resolved": "http://localhost:4873/json-schema-traverse/-/json-schema-traverse-0.3.1.tgz",
      "integrity": "sha1-NJptRMU6Ud6JtAgFxdXlm0F9M0A="
    },
    "json-stringify-safe": {
      "version": "5.0.1",
      "resolved": "http://localhost:4873/json-stringify-safe/-/json-stringify-safe-5.0.1.tgz",
      "integrity": "sha1-Epai1Y/UXxmg9s4B1lcB4sc1tus="
    },
    "jsprim": {
      "version": "1.4.1",
      "resolved": "http://localhost:4873/jsprim/-/jsprim-1.4.1.tgz",
      "integrity": "sha1-MT5mvB5cwG5Di8G3SZwuXFastqI=",
      "requires": {
        "assert-plus": "1.0.0",
        "extsprintf": "1.3.0",
        "json-schema": "0.2.3",
        "verror": "1.10.0"
      }
    },
    "lodash": {
      "version": "4.17.10",
      "resolved": "http://localhost:4873/lodash/-/lodash-4.17.10.tgz",
      "integrity": "sha512-UejweD1pDoXu+AD825lWwp4ZGtSwgnpZxb3JDViD7StjQz+Nb/6l093lx4OQ0foGWNRoc19mWy7BzL+UAK2iVg=="
    },
    "long": {
      "version": "4.0.0",
      "resolved": "https://registry.npmjs.org/long/-/long-4.0.0.tgz",
      "integrity": "sha512-XsP+KhQif4bjX1kbuSiySJFNAehNxgLb6hPRGJ9QsUr8ajHkuXGdrHmFUTUUXhDwVX2R5bY4JNZEwbUiMhV+MA=="
    },
    "mime-db": {
      "version": "1.35.0",
      "resolved": "http://localhost:4873/mime-db/-/mime-db-1.35.0.tgz",
      "integrity": "sha512-JWT/IcCTsB0Io3AhWUMjRqucrHSPsSf2xKLaRldJVULioggvkJvggZ3VXNNSRkCddE6D+BUI4HEIZIA2OjwIvg=="
    },
    "mime-types": {
      "version": "2.1.19",
      "resolved": "http://localhost:4873/mime-types/-/mime-types-2.1.19.tgz",
      "integrity": "sha512-P1tKYHVSZ6uFo26mtnve4HQFE3koh1UWVkp8YUC+ESBHe945xWSoXuHHiGarDqcEZ+whpCDnlNw5LON0kLo+sw==",
      "requires": {
        "mime-db": "~1.35.0"
      }
    },
    "minimatch": {
      "version": "3.0.4",
      "resolved": "http://localhost:4873/minimatch/-/minimatch-3.0.4.tgz",
      "integrity": "sha512-yJHVQEhyqPLUTgt9B83PXu6W3rx4MvvHvSUvToogpwoGDOUQ+yDrR0HRot+yOCdCO7u4hX3pWft6kWBBcqh0UA==",
      "requires": {
        "brace-expansion": "^1.1.7"
      }
    },
    "minimist": {
      "version": "1.2.0",
      "resolved": "http://localhost:4873/minimist/-/minimist-1.2.0.tgz",
      "integrity": "sha1-o1AIsg9BOD7sH7kU9M1d95omQoQ="
    },
    "mongodb": {
      "version": "3.1.1",
      "resolved": "http://localhost:4873/mongodb/-/mongodb-3.1.1.tgz",
      "integrity": "sha512-GU9oWK4pi8PC7NyGiwjFMwZyMqwGWoMEMvM0LZh7UKW/FFAqgmZKjjriD+5MEOCDUJE2dtHX93/K5UtDxO0otg==",
      "requires": {
        "mongodb-core": "3.1.0"
      }
    },
    "mongodb-core": {
      "version": "3.1.0",
      "resolved": "http://localhost:4873/mongodb-core/-/mongodb-core-3.1.0.tgz",
      "integrity": "sha512-qRjG62Fu//CZhkgn0jA/k8jh5MhACIq8cOJUryH6sck87pgt+C222MSD02tsCq5zNo/B6ZFHtNodZ2qpf8E86g==",
      "requires": {
        "bson": "~1.0.4",
        "require_optional": "^1.0.1",
        "saslprep": "^1.0.0"
      }
    },
    "mysql": {
      "version": "2.16.0",
      "resolved": "http://localhost:4873/mysql/-/mysql-2.16.0.tgz",
      "integrity": "sha512-dPbN2LHonQp7D5ja5DJXNbCLe/HRdu+f3v61aguzNRQIrmZLOeRoymBYyeThrR6ug+FqzDL95Gc9maqZUJS+Gw==",
      "requires": {
        "bignumber.js": "4.1.0",
        "readable-stream": "2.3.6",
        "safe-buffer": "5.1.2",
        "sqlstring": "2.3.1"
      }
    },
    "oauth-sign": {
      "version": "0.8.2",
      "resolved": "http://localhost:4873/oauth-sign/-/oauth-sign-0.8.2.tgz",
      "integrity": "sha1-Rqarfwrq2N6unsBWV4C31O/rnUM="
    },
    "once": {
      "version": "1.4.0",
      "resolved": "http://localhost:4873/once/-/once-1.4.0.tgz",
      "integrity": "sha1-WDsap3WWHUsROsF9nFC6753Xa9E=",
      "requires": {
        "wrappy": "1"
      }
    },
    "path-is-absolute": {
      "version": "1.0.1",
      "resolved": "http://localhost:4873/path-is-absolute/-/path-is-absolute-1.0.1.tgz",
      "integrity": "sha1-F0uSaHNVNP+8es5r9TpanhtcX18="
    },
    "performance-now": {
      "version": "2.1.0",
      "resolved": "http://localhost:4873/performance-now/-/performance-now-2.1.0.tgz",
      "integrity": "sha1-Ywn04OX6kT7BxpMHrjZLSzd8nns="
    },
    "prism-media": {
      "version": "0.0.2",
      "resolved": "https://registry.npmjs.org/prism-media/-/prism-media-0.0.2.tgz",
      "integrity": "sha512-L6yc8P5NVG35ivzvfI7bcTYzqFV+K8gTfX9YaJbmIFfMXTs71RMnAupvTQPTCteGsiOy9QcNLkQyWjAafY/hCQ=="
    },
    "process-nextick-args": {
      "version": "2.0.0",
      "resolved": "http://localhost:4873/process-nextick-args/-/process-nextick-args-2.0.0.tgz",
      "integrity": "sha512-MtEC1TqN0EU5nephaJ4rAtThHtC86dNN9qCuEhtshvpVBkAW5ZO7BASN9REnF9eoXGcRub+pFuKEpOHE+HbEMw=="
    },
    "punycode": {
      "version": "1.4.1",
      "resolved": "http://localhost:4873/punycode/-/punycode-1.4.1.tgz",
      "integrity": "sha1-wNWmOycYgArY4esPpSachN1BhF4="
    },
    "qs": {
      "version": "6.5.2",
      "resolved": "http://localhost:4873/qs/-/qs-6.5.2.tgz",
      "integrity": "sha512-N5ZAX4/LxJmF+7wN74pUD6qAh9/wnvdQcjq9TZjevvXzSUo7bfmw91saqMjzGS2xq91/odN2dW/WOl7qQHNDGA=="
    },
    "querystring": {
      "version": "0.2.0",
      "resolved": "http://localhost:4873/querystring/-/querystring-0.2.0.tgz",
      "integrity": "sha1-sgmEkgO7Jd+CDadW50cAWHhSFiA="
    },
    "readable-stream": {
      "version": "2.3.6",
      "resolved": "http://localhost:4873/readable-stream/-/readable-stream-2.3.6.tgz",
      "integrity": "sha512-tQtKA9WIAhBF3+VLAseyMqZeBjW0AHJoxOtYqSUZNJxauErmLbVm2FW1y+J/YA9dUrAC39ITejlZWhVIwawkKw==",
      "requires": {
        "core-util-is": "~1.0.0",
        "inherits": "~2.0.3",
        "isarray": "~1.0.0",
        "process-nextick-args": "~2.0.0",
        "safe-buffer": "~5.1.1",
        "string_decoder": "~1.1.1",
        "util-deprecate": "~1.0.1"
      }
    },
    "regenerator-runtime": {
      "version": "0.10.5",
      "resolved": "http://localhost:4873/regenerator-runtime/-/regenerator-runtime-0.10.5.tgz",
      "integrity": "sha1-M2w+/BIgrc7dosn6tntaeVWjNlg="
    },
    "request": {
      "version": "2.87.0",
      "resolved": "http://localhost:4873/request/-/request-2.87.0.tgz",
      "integrity": "sha512-fcogkm7Az5bsS6Sl0sibkbhcKsnyon/jV1kF3ajGmF0c8HrttdKTPRT9hieOaQHA5HEq6r8OyWOo/o781C1tNw==",
      "requires": {
        "aws-sign2": "~0.7.0",
        "aws4": "^1.6.0",
        "caseless": "~0.12.0",
        "combined-stream": "~1.0.5",
        "extend": "~3.0.1",
        "forever-agent": "~0.6.1",
        "form-data": "~2.3.1",
        "har-validator": "~5.0.3",
        "http-signature": "~1.2.0",
        "is-typedarray": "~1.0.0",
        "isstream": "~0.1.2",
        "json-stringify-safe": "~5.0.1",
        "mime-types": "~2.1.17",
        "oauth-sign": "~0.8.2",
        "performance-now": "^2.1.0",
        "qs": "~6.5.1",
        "safe-buffer": "^5.1.1",
        "tough-cookie": "~2.3.3",
        "tunnel-agent": "^0.6.0",
        "uuid": "^3.1.0"
      }
    },
    "require-main-filename": {
      "version": "1.0.1",
      "resolved": "http://localhost:4873/require-main-filename/-/require-main-filename-1.0.1.tgz",
      "integrity": "sha1-l/cXtp1IeE9fUmpsWqj/3aBVpNE="
    },
    "require_optional": {
      "version": "1.0.1",
      "resolved": "http://localhost:4873/require_optional/-/require_optional-1.0.1.tgz",
      "integrity": "sha512-qhM/y57enGWHAe3v/NcwML6a3/vfESLe/sGM2dII+gEO0BpKRUkWZow/tyloNqJyN6kXSl3RyyM8Ll5D/sJP8g==",
      "requires": {
        "resolve-from": "^2.0.0",
        "semver": "^5.1.0"
      }
    },
    "resolve-from": {
      "version": "2.0.0",
      "resolved": "http://localhost:4873/resolve-from/-/resolve-from-2.0.0.tgz",
      "integrity": "sha1-lICrIOlP+h2egKgEx+oUdhGWa1c="
    },
    "rimraf": {
      "version": "2.6.2",
      "resolved": "http://localhost:4873/rimraf/-/rimraf-2.6.2.tgz",
      "integrity": "sha512-lreewLK/BlghmxtfH36YYVg1i8IAce4TI7oao75I1g245+6BctqTVQiBP3YUJ9C6DQOXJmkYR9X9fCLtCOJc5w==",
      "requires": {
        "glob": "^7.0.5"
      }
    },
    "safe-buffer": {
      "version": "5.1.2",
      "resolved": "https://registry.npmjs.org/safe-buffer/-/safe-buffer-5.1.2.tgz",
      "integrity": "sha512-Gd2UZBJDkXlY7GbJxfsE8/nvKkUEU1G38c1siN6QP6a9PT9MmHB8GnpscSmMJSoF8LOIrt8ud/wPtojys4G6+g=="
    },
    "safer-buffer": {
      "version": "2.1.2",
      "resolved": "http://localhost:4873/safer-buffer/-/safer-buffer-2.1.2.tgz",
      "integrity": "sha512-YZo3K82SD7Riyi0E1EQPojLz7kpepnSQI9IyPbHHg1XXXevb5dJI7tpyN2ADxGcQbHG7vcyRHk0cbwqcQriUtg=="
    },
    "saslprep": {
      "version": "1.0.1",
      "resolved": "http://localhost:4873/saslprep/-/saslprep-1.0.1.tgz",
      "integrity": "sha512-ntN6SbE3hRqd45PKKadRPgA+xHPWg5lPSj2JWJdJvjTwXDDfkPVtXWvP8jJojvnm+rAsZ2b299C5NwZqq818EA==",
      "optional": true
    },
    "semver": {
      "version": "5.5.0",
      "resolved": "http://localhost:4873/semver/-/semver-5.5.0.tgz",
      "integrity": "sha512-4SJ3dm0WAwWy/NVeioZh5AntkdJoWKxHxcmyP622fOkgHa4z3R0TdBJICINyaSDE6uNwVc8gZr+ZinwZAH4xIA=="
    },
    "snekfetch": {
      "version": "3.6.4",
      "resolved": "https://registry.npmjs.org/snekfetch/-/snekfetch-3.6.4.tgz",
      "integrity": "sha512-NjxjITIj04Ffqid5lqr7XdgwM7X61c/Dns073Ly170bPQHLm6jkmelye/eglS++1nfTWktpP6Y2bFXjdPlQqdw=="
    },
    "sprintf-js": {
      "version": "1.0.3",
      "resolved": "http://localhost:4873/sprintf-js/-/sprintf-js-1.0.3.tgz",
      "integrity": "sha1-BOaSb2YolTVPPdAVIDYzuFcpfiw="
    },
    "sqlstring": {
      "version": "2.3.1",
      "resolved": "http://localhost:4873/sqlstring/-/sqlstring-2.3.1.tgz",
      "integrity": "sha1-R1OT/56RR5rqYtyvDKPRSYOn+0A="
    },
    "sshpk": {
      "version": "1.14.2",
      "resolved": "http://localhost:4873/sshpk/-/sshpk-1.14.2.tgz",
      "integrity": "sha1-xvxhZIo9nE52T9P8306hBeSSupg=",
      "requires": {
        "asn1": "~0.2.3",
        "assert-plus": "^1.0.0",
        "bcrypt-pbkdf": "^1.0.0",
        "dashdash": "^1.12.0",
        "ecc-jsbn": "~0.1.1",
        "getpass": "^0.1.1",
        "jsbn": "~0.1.0",
        "safer-buffer": "^2.0.2",
        "tweetnacl": "~0.14.0"
      },
      "dependencies": {
        "tweetnacl": {
          "version": "0.14.5",
          "resolved": "http://localhost:4873/tweetnacl/-/tweetnacl-0.14.5.tgz",
          "integrity": "sha1-WuaBd/GS1EViadEIr6k/+HQ/T2Q=",
          "optional": true
        }
      }
    },
    "string_decoder": {
      "version": "1.1.1",
      "resolved": "http://localhost:4873/string_decoder/-/string_decoder-1.1.1.tgz",
      "integrity": "sha512-n/ShnvDi6FHbbVfviro+WojiFzv+s8MPMHBczVePfUpDJLwoLT0ht1l4YwBCbi8pJAveEEdnkHyPyTP/mzRfwg==",
      "requires": {
        "safe-buffer": "~5.1.0"
      }
    },
    "tough-cookie": {
      "version": "2.3.4",
      "resolved": "http://localhost:4873/tough-cookie/-/tough-cookie-2.3.4.tgz",
      "integrity": "sha512-TZ6TTfI5NtZnuyy/Kecv+CnoROnyXn2DN97LontgQpCwsX2XyLYCC0ENhYkehSOwAp8rTQKc/NUIF7BkQ5rKLA==",
      "requires": {
        "punycode": "^1.4.1"
      }
    },
    "tunnel-agent": {
      "version": "0.6.0",
      "resolved": "http://localhost:4873/tunnel-agent/-/tunnel-agent-0.6.0.tgz",
      "integrity": "sha1-J6XeoGs2sEoKmWZ3SykIaPD8QP0=",
      "requires": {
        "safe-buffer": "^5.0.1"
      }
    },
    "tweetnacl": {
      "version": "1.0.0",
      "resolved": "https://registry.npmjs.org/tweetnacl/-/tweetnacl-1.0.0.tgz",
      "integrity": "sha1-cT2LgY2kIGh0C/aDhtBHnmb8ins="
    },
    "typescript": {
      "version": "2.9.2",
      "resolved": "https://registry.npmjs.org/typescript/-/typescript-2.9.2.tgz",
      "integrity": "sha512-Gr4p6nFNaoufRIY4NMdpQRNmgxVIGMs4Fcu/ujdYk3nAZqk7supzBE9idmvfZIlH/Cuj//dvi+019qEue9lV0w=="
    },
    "util-deprecate": {
      "version": "1.0.2",
      "resolved": "http://localhost:4873/util-deprecate/-/util-deprecate-1.0.2.tgz",
      "integrity": "sha1-RQ1Nyfpw3nMnYvvS1KKJgUGaDM8="
    },
    "uuid": {
      "version": "3.3.2",
      "resolved": "http://localhost:4873/uuid/-/uuid-3.3.2.tgz",
      "integrity": "sha512-yXJmeNaw3DnnKAOKJE51sL/ZaYfWJRl1pK9dr19YFCu0ObS231AB1/LbqTKRAQ5kw8A90rA6fr4riOUpTZvQZA=="
    },
    "verror": {
      "version": "1.10.0",
      "resolved": "http://localhost:4873/verror/-/verror-1.10.0.tgz",
      "integrity": "sha1-OhBcoXBTr1XW4nDB+CiGguGNpAA=",
      "requires": {
        "assert-plus": "^1.0.0",
        "core-util-is": "1.0.2",
        "extsprintf": "^1.2.0"
      }
    },
    "wrappy": {
      "version": "1.0.2",
      "resolved": "http://localhost:4873/wrappy/-/wrappy-1.0.2.tgz",
      "integrity": "sha1-tSQ9jz7BqjXxNkYFvA0QNuMKtp8="
    },
    "ws": {
      "version": "4.1.0",
      "resolved": "https://registry.npmjs.org/ws/-/ws-4.1.0.tgz",
      "integrity": "sha512-ZGh/8kF9rrRNffkLFV4AzhvooEclrOH0xaugmqGsIfFgOE/pIz4fMc4Ef+5HSQqTEug2S9JZIWDR47duDSLfaA==",
      "requires": {
        "async-limiter": "~1.0.0",
        "safe-buffer": "~5.1.0"
      }
    }
  }
}
